
Microsoft Visual Studio Solution File, Format Version 12.00
# Visual Studio Version 16
VisualStudioVersion = 16.0.30406.217
MinimumVisualStudioVersion = 10.0.40219.1
Project("{FAE04EC0-301F-11D3-BF4B-00C04F79EFBC}") = "Projeto.Android", "Projeto\Projeto.Android\Projeto.Android.csproj", "{5C8F8AC8-60FD-4CA9-894D-A9646E052361}"
EndProject
Project("{FAE04EC0-301F-11D3-BF4B-00C04F79EFBC}") = "Projeto.iOS", "Projeto\Projeto.iOS\Projeto.iOS.csproj", "{98CB8E11-AFAF-4B85-84FE-E9693FE72865}"
EndProject
Project("{FAE04EC0-301F-11D3-BF4B-00C04F79EFBC}") = "Projeto", "Projeto\Projeto\Projeto.csproj", "{0294C11B-CEA2-4232-A5B9-0D0F4A5FCD10}"
EndProject
Global
	GlobalSection(SolutionConfigurationPlatforms) = preSolution
		Debug|Any CPU = Debug|Any CPU
		Debug|iPhone = Debug|iPhone
		Debug|iPhoneSimulator = Debug|iPhoneSimulator
		Release|Any CPU = Release|Any CPU
		Release|iPhone = Release|iPhone
		Release|iPhoneSimulator = Release|iPhoneSimulator
	EndGlobalSection
	GlobalSection(ProjectConfigurationPlatforms) = postSolution
		{5C8F8AC8-60FD-4CA9-894D-A9646E052361}.Debug|Any CPU.ActiveCfg = Debug|Any CPU
		{5C8F8AC8-60FD-4CA9-894D-A9646E052361}.Debug|Any CPU.Build.0 = Debug|Any CPU
		{5C8F8AC8-60FD-4CA9-894D-A9646E052361}.Debug|Any CPU.Deploy.0 = Debug|Any CPU
		{5C8F8AC8-60FD-4CA9-894D-A9646E052361}.Debug|iPhone.ActiveCfg = Debug|Any CPU
		{5C8F8AC8-60FD-4CA9-894D-A9646E052361}.Debug|iPhone.Build.0 = Debug|Any CPU
		{5C8F8AC8-60FD-4CA9-894D-A9646E052361}.Debug|iPhone.Deploy.0 = Debug|Any CPU
		{5C8F8AC8-60FD-4CA9-894D-A9646E052361}.Debug|iPhoneSimulator.ActiveCfg = Debug|Any CPU
		{5C8F8AC8-60FD-4CA9-894D-A9646E052361}.Debug|iPhoneSimulator.Build.0 = Debug|Any CPU
		{5C8F8AC8-60FD-4CA9-894D-A9646E052361}.Debug|iPhoneSimulator.Deploy.0 = Debug|Any CPU
		{5C8F8AC8-60FD-4CA9-894D-A9646E052361}.Release|Any CPU.ActiveCfg = Release|Any CPU
		{5C8F8AC8-60FD-4CA9-894D-A9646E052361}.Release|Any CPU.Build.0 = Release|Any CPU
		{5C8F8AC8-60FD-4CA9-894D-A9646E052361}.Release|Any CPU.Deploy.0 = Release|Any CPU
		{5C8F8AC8-60FD-4CA9-894D-A9646E052361}.Release|iPhone.ActiveCfg = Release|Any CPU
		{5C8F8AC8-60FD-4CA9-894D-A9646E052361}.Release|iPhone.Build.0 = Release|Any CPU
		{5C8F8AC8-60FD-4CA9-894D-A9646E052361}.Release|iPhone.Deploy.0 = Release|Any CPU
		{5C8F8AC8-60FD-4CA9-894D-A9646E052361}.Release|iPhoneSimulator.ActiveCfg = Release|Any CPU
		{5C8F8AC8-60FD-4CA9-894D-A9646E052361}.Release|iPhoneSimulator.Build.0 = Release|Any CPU
		{5C8F8AC8-60FD-4CA9-894D-A9646E052361}.Release|iPhoneSimulator.Deploy.0 = Release|Any CPU
		{98CB8E11-AFAF-4B85-84FE-E9693FE72865}.Debug|Any CPU.ActiveCfg = Debug|iPhone
		{98CB8E11-AFAF-4B85-84FE-E9693FE72865}.Debug|Any CPU.Build.0 = Debug|iPhone
		{98CB8E11-AFAF-4B85-84FE-E9693FE72865}.Debug|Any CPU.Deploy.0 = Debug|iPhone
		{98CB8E11-AFAF-4B85-84FE-E9693FE72865}.Debug|iPhone.ActiveCfg = Debug|iPhone
		{98CB8E11-AFAF-4B85-84FE-E9693FE72865}.Debug|iPhone.Build.0 = Debug|iPhone
		{98CB8E11-AFAF-4B85-84FE-E9693FE72865}.Debug|iPhone.Deploy.0 = Debug|iPhone
		{98CB8E11-AFAF-4B85-84FE-E9693FE72865}.Debug|iPhoneSimulator.ActiveCfg = Debug|iPhoneSimulator
		{98CB8E11-AFAF-4B85-84FE-E9693FE72865}.Debug|iPhoneSimulator.Build.0 = Debug|iPhoneSimulator
		{98CB8E11-AFAF-4B85-84FE-E9693FE72865}.Debug|iPhoneSimulator.Deploy.0 = Debug|iPhoneSimulator
		{98CB8E11-AFAF-4B85-84FE-E9693FE72865}.Release|Any CPU.ActiveCfg = Release|iPhone
		{98CB8E11-AFAF-4B85-84FE-E9693FE72865}.Release|Any CPU.Build.0 = Release|iPhone
		{98CB8E11-AFAF-4B85-84FE-E9693FE72865}.Release|Any CPU.Deploy.0 = Release|iPhone
		{98CB8E11-AFAF-4B85-84FE-E9693FE72865}.Release|iPhone.ActiveCfg = Release|iPhone
		{98CB8E11-AFAF-4B85-84FE-E9693FE72865}.Release|iPhone.Build.0 = Release|iPhone
		{98CB8E11-AFAF-4B85-84FE-E9693FE72865}.Release|iPhone.Deploy.0 = Release|iPhone
		{98CB8E11-AFAF-4B85-84FE-E9693FE72865}.Release|iPhoneSimulator.ActiveCfg = Release|iPhoneSimulator
		{98CB8E11-AFAF-4B85-84FE-E9693FE72865}.Release|iPhoneSimulator.Build.0 = Release|iPhoneSimulator
		{98CB8E11-AFAF-4B85-84FE-E9693FE72865}.Release|iPhoneSimulator.Deploy.0 = Release|iPhoneSimulator
		{0294C11B-CEA2-4232-A5B9-0D0F4A5FCD10}.Debug|Any CPU.ActiveCfg = Debug|Any CPU
		{0294C11B-CEA2-4232-A5B9-0D0F4A5FCD10}.Debug|Any CPU.Build.0 = Debug|Any CPU
		{0294C11B-CEA2-4232-A5B9-0D0F4A5FCD10}.Debug|Any CPU.Deploy.0 = Debug|Any CPU
		{0294C11B-CEA2-4232-A5B9-0D0F4A5FCD10}.Debug|iPhone.ActiveCfg = Debug|Any CPU
		{0294C11B-CEA2-4232-A5B9-0D0F4A5FCD10}.Debug|iPhone.Build.0 = Debug|Any CPU
		{0294C11B-CEA2-4232-A5B9-0D0F4A5FCD10}.Debug|iPhone.Deploy.0 = Debug|Any CPU
		{0294C11B-CEA2-4232-A5B9-0D0F4A5FCD10}.Debug|iPhoneSimulator.ActiveCfg = Debug|Any CPU
		{0294C11B-CEA2-4232-A5B9-0D0F4A5FCD10}.Debug|iPhoneSimulator.Build.0 = Debug|Any CPU
		{0294C11B-CEA2-4232-A5B9-0D0F4A5FCD10}.Debug|iPhoneSimulator.Deploy.0 = Debug|Any CPU
		{0294C11B-CEA2-4232-A5B9-0D0F4A5FCD10}.Release|Any CPU.ActiveCfg = Release|Any CPU
		{0294C11B-CEA2-4232-A5B9-0D0F4A5FCD10}.Release|Any CPU.Build.0 = Release|Any CPU
		{0294C11B-CEA2-4232-A5B9-0D0F4A5FCD10}.Release|Any CPU.Deploy.0 = Release|Any CPU
		{0294C11B-CEA2-4232-A5B9-0D0F4A5FCD10}.Release|iPhone.ActiveCfg = Release|Any CPU
		{0294C11B-CEA2-4232-A5B9-0D0F4A5FCD10}.Release|iPhone.Build.0 = Release|Any CPU
		{0294C11B-CEA2-4232-A5B9-0D0F4A5FCD10}.Release|iPhone.Deploy.0 = Release|Any CPU
		{0294C11B-CEA2-4232-A5B9-0D0F4A5FCD10}.Release|iPhoneSimulator.ActiveCfg = Release|Any CPU
		{0294C11B-CEA2-4232-A5B9-0D0F4A5FCD10}.Release|iPhoneSimulator.Build.0 = Release|Any CPU
		{0294C11B-CEA2-4232-A5B9-0D0F4A5FCD10}.Release|iPhoneSimulator.Deploy.0 = Release|Any CPU
	EndGlobalSection
	GlobalSection(SolutionProperties) = preSolution
		HideSolutionNode = FALSE
	EndGlobalSection
	GlobalSection(ExtensibilityGlobals) = postSolution
		SolutionGuid = {9BF1AA9C-75B3-42E4-AD07-65C397E309E9}
	EndGlobalSection
EndGlobal
